
Microsoft Visual Studio Solution File, Format Version 12.00
# Visual Studio Version 17
VisualStudioVersion = 17.9.34622.214
MinimumVisualStudioVersion = 10.0.40219.1
Project("{FAE04EC0-301F-11D3-BF4B-00C04F79EFBC}") = "Snake", "Snake.csproj", "{87925CDD-A641-443C-99D9-4B5219426539}"
EndProject
Global
	GlobalSection(SolutionConfigurationPlatforms) = preSolution
		Debug|Any CPU = Debug|Any CPU
		Release|Any CPU = Release|Any CPU
	EndGlobalSection
	GlobalSection(ProjectConfigurationPlatforms) = postSolution
		{87925CDD-A641-443C-99D9-4B5219426539}.Debug|Any CPU.ActiveCfg = Debug|Any CPU
		{87925CDD-A641-443C-99D9-4B5219426539}.Debug|Any CPU.Build.0 = Debug|Any CPU
		{87925CDD-A641-443C-99D9-4B5219426539}.Release|Any CPU.ActiveCfg = Release|Any CPU
		{87925CDD-A641-443C-99D9-4B5219426539}.Release|Any CPU.Build.0 = Release|Any CPU
	EndGlobalSection
	GlobalSection(SolutionProperties) = preSolution
		HideSolutionNode = FALSE
	EndGlobalSection
	GlobalSection(ExtensibilityGlobals) = postSolution
		SolutionGuid = {BC7D12AA-20B3-439C-9EE1-9DFCCDE4B671}
	EndGlobalSection
EndGlobal
